{
  "name": "chatgpt",
  "version": "1.0.0",
  "lockfileVersion": 2,
  "requires": true,
  "packages": {
    // Información detallada sobre las dependencias y sus versiones
    // ...

    "dependencies": {
      // Lista de dependencias y sus versiones exactas
      "some-dependency": {
        "version": "1.2.3",
        "resolved": "https://registry.npmjs.org/some-dependency/-/some-dependency-1.2.3.tgz",
        // ...
      },
      // ...
    },
    // ...
  },
  "dependencies": {
    // Lista de dependencias y sus versiones exactas a nivel de proyecto
    "some-dependency": {
      "version": "1.2.3",
      "resolved": "https://registry.npmjs.org/some-dependency/-/some-dependency-1.2.3.tgz",
      // ...
    },
    // ...
  }
}

